{
  "name": "jazz-cli",
  "version": "1.1.1-pre.0",
  "lockfileVersion": 3,
  "requires": true,
  "packages": {
    "": {
      "name": "jazz-cli",
      "version": "1.1.1-pre.0",
      "license": "MIT",
      "dependencies": {
        "bagofcli": "^2.5.0",
        "jazz": "^1.1.0"
      },
      "bin": {
        "jazz-cli": "bin/jazz-cli.js"
      },
      "devDependencies": {
        "@sinonjs/referee": "^11.0.2",
        "sinon": "^22.0.0"
      },
      "engines": {
        "node": ">= 20.0.0"
      }
    },
    "node_modules/@inquirer/ansi": {
      "version": "2.0.7",
      "resolved": "https://registry.npmjs.org/@inquirer/ansi/-/ansi-2.0.7.tgz",
      "integrity": "sha512-3eTuUO1vH2cZm2ZKHeQxnOqlTi9EfZDGgIe3BL3I4u+rJHocr9Fz86M4fjYABPvFnQG/gGK551HqDiIcETwU6Q==",
      "license": "MIT",
      "engines": {
        "node": ">=23.5.0 || ^22.13.0 || ^20.17.0"
      }
    },
    "node_modules/@inquirer/checkbox": {
      "version": "5.2.1",
      "resolved": "https://registry.npmjs.org/@inquirer/checkbox/-/checkbox-5.2.1.tgz",
      "integrity": "sha512-b6xmA/VlTe0ZgDQHDui+Nav470u7u49nRd8/iuhOcQPO9Ch7lGuogydhi2VOmNlZ+zXcM8IcPuNSwQcdJaF/kw==",
      "license": "MIT",
      "dependencies": {
        "@inquirer/ansi": "^2.0.7",
        "@inquirer/core": "^11.2.1",
        "@inquirer/figures": "^2.0.7",
        "@inquirer/type": "^4.0.7"
      },
      "engines": {
        "node": ">=23.5.0 || ^22.13.0 || ^20.17.0"
      },
      "peerDependencies": {
        "@types/node": ">=18"
      },
      "peerDependenciesMeta": {
        "@types/node": {
          "optional": true
        }
      }
    },
    "node_modules/@inquirer/confirm": {
      "version": "6.1.1",
      "resolved": "https://registry.npmjs.org/@inquirer/confirm/-/confirm-6.1.1.tgz",
      "integrity": "sha512-eb8DBZcz/2qHWQda4rk2JiQk5h9QV/cVHi1yjt0f69WFZMRFn0sJTye3EAP8icut8UDMjQPsaH5KbcOogefrFQ==",
      "license": "MIT",
      "dependencies": {
        "@inquirer/core": "^11.2.1",
        "@inquirer/type": "^4.0.7"
      },
      "engines": {
        "node": ">=23.5.0 || ^22.13.0 || ^20.17.0"
      },
      "peerDependencies": {
        "@types/node": ">=18"
      },
      "peerDependenciesMeta": {
        "@types/node": {
          "optional": true
        }
      }
    },
    "node_modules/@inquirer/core": {
      "version": "11.2.1",
      "resolved": "https://registry.npmjs.org/@inquirer/core/-/core-11.2.1.tgz",
      "integrity": "sha512-Qd6GJT1yVyrZZCfN8W2qKF5ApmqryXRhRKCuip8h01x2w/esJQ2XIYc6f9abMIHgKQdBfFTSOdbHRLAhuM09UA==",
      "license": "MIT",
      "dependencies": {
        "@inquirer/ansi": "^2.0.7",
        "@inquirer/figures": "^2.0.7",
        "@inquirer/type": "^4.0.7",
        "cli-width": "^4.1.0",
        "fast-wrap-ansi": "^0.2.0",
        "mute-stream": "^3.0.0",
        "signal-exit": "^4.1.0"
      },
      "engines": {
        "node": ">=23.5.0 || ^22.13.0 || ^20.17.0"
      },
      "peerDependencies": {
        "@types/node": ">=18"
      },
      "peerDependenciesMeta": {
        "@types/node": {
          "optional": true
        }
      }
    },
    "node_modules/@inquirer/editor": {
      "version": "5.2.2",
      "resolved": "https://registry.npmjs.org/@inquirer/editor/-/editor-5.2.2.tgz",
      "integrity": "sha512-ZRVd/oD+sYsUd5zVm0NflqEzlqfYCyHNsqkHl2oWXEUHs12tCbcSFi+wVFEvD8+LGRaMUsVrE7qeo6lSG/S1Vg==",
      "license": "MIT",
      "dependencies": {
        "@inquirer/core": "^11.2.1",
        "@inquirer/external-editor": "^3.0.3",
        "@inquirer/type": "^4.0.7"
      },
      "engines": {
        "node": ">=23.5.0 || ^22.13.0 || ^20.17.0"
      },
      "peerDependencies": {
        "@types/node": ">=18"
      },
      "peerDependenciesMeta": {
        "@types/node": {
          "optional": true
        }
      }
    },
    "node_modules/@inquirer/expand": {
      "version": "5.1.1",
      "resolved": "https://registry.npmjs.org/@inquirer/expand/-/expand-5.1.1.tgz",
      "integrity": "sha512-YmQpenjbFSHAK3sOd44puHh3V1KXXr+JiNpUztoSQ4drLh2rTVzTap/YtlAVu/5xavifIlBfNEzJ/neZJ1a/1g==",
      "license": "MIT",
      "dependencies": {
        "@inquirer/core": "^11.2.1",
        "@inquirer/type": "^4.0.7"
      },
      "engines": {
        "node": ">=23.5.0 || ^22.13.0 || ^20.17.0"
      },
      "peerDependencies": {
        "@types/node": ">=18"
      },
      "peerDependenciesMeta": {
        "@types/node": {
          "optional": true
        }
      }
    },
    "node_modules/@inquirer/external-editor": {
      "version": "3.0.3",
      "resolved": "https://registry.npmjs.org/@inquirer/external-editor/-/external-editor-3.0.3.tgz",
      "integrity": "sha512-6thf5I8q7lZwzGLAxPaaGEREEkZ3nyePPDQ1oyobblxmEE8mqTLguScP7pDjUTAibiyb4hfXl+qjUEJ+di/aNA==",
      "license": "MIT",
      "dependencies": {
        "chardet": "^2.1.1",
        "iconv-lite": "^0.7.2"
      },
      "engines": {
        "node": ">=23.5.0 || ^22.13.0 || ^20.17.0"
      },
      "peerDependencies": {
        "@types/node": ">=18"
      },
      "peerDependenciesMeta": {
        "@types/node": {
          "optional": true
        }
      }
    },
    "node_modules/@inquirer/figures": {
      "version": "2.0.7",
      "resolved": "https://registry.npmjs.org/@inquirer/figures/-/figures-2.0.7.tgz",
      "integrity": "sha512-aJ8TBPOGB6f/2qziPfElISTCEd5XOYTFckA2SGjhNmiKzfK/u4ot3v0DUzGVdUnKjN10EqnnEPck36BkyfLnJw==",
      "license": "MIT",
      "engines": {
        "node": ">=23.5.0 || ^22.13.0 || ^20.17.0"
      }
    },
    "node_modules/@inquirer/input": {
      "version": "5.1.2",
      "resolved": "https://registry.npmjs.org/@inquirer/input/-/input-5.1.2.tgz",
      "integrity": "sha512-9K/DDBSQpOyZSkt6sOVP9Vo0TR7atX2kuILsUu0x3wVcVbe97lJwIJKMLdMw25tDYuXl/qp6erT0Xs1rfmcfZg==",
      "license": "MIT",
      "dependencies": {
        "@inquirer/core": "^11.2.1",
        "@inquirer/type": "^4.0.7"
      },
      "engines": {
        "node": ">=23.5.0 || ^22.13.0 || ^20.17.0"
      },
      "peerDependencies": {
        "@types/node": ">=18"
      },
      "peerDependenciesMeta": {
        "@types/node": {
          "optional": true
        }
      }
    },
    "node_modules/@inquirer/number": {
      "version": "4.1.1",
      "resolved": "https://registry.npmjs.org/@inquirer/number/-/number-4.1.1.tgz",
      "integrity": "sha512-XF4IXAbPnGPgw0wsbC/i2tPcyfdZgDpUlhsqU0SfT4IRIGWha6Xm9VRgN5yYxJq+jnyXlfXI/nQ3ulfk0iEICA==",
      "license": "MIT",
      "dependencies": {
        "@inquirer/core": "^11.2.1",
        "@inquirer/type": "^4.0.7"
      },
      "engines": {
        "node": ">=23.5.0 || ^22.13.0 || ^20.17.0"
      },
      "peerDependencies": {
        "@types/node": ">=18"
      },
      "peerDependenciesMeta": {
        "@types/node": {
          "optional": true
        }
      }
    },
    "node_modules/@inquirer/password": {
      "version": "5.1.1",
      "resolved": "https://registry.npmjs.org/@inquirer/password/-/password-5.1.1.tgz",
      "integrity": "sha512-3XBfF7DAsp5qeDsvN5Rd1HmbNokVvEQoUM0QLrRcybC9nX96w3Pbmu7qUsb3IT3J3jBvs2+mTXaKHOUsgHMLzg==",
      "license": "MIT",
      "dependencies": {
        "@inquirer/ansi": "^2.0.7",
        "@inquirer/core": "^11.2.1",
        "@inquirer/type": "^4.0.7"
      },
      "engines": {
        "node": ">=23.5.0 || ^22.13.0 || ^20.17.0"
      },
      "peerDependencies": {
        "@types/node": ">=18"
      },
      "peerDependenciesMeta": {
        "@types/node": {
          "optional": true
        }
      }
    },
    "node_modules/@inquirer/prompts": {
      "version": "8.5.2",
      "resolved": "https://registry.npmjs.org/@inquirer/prompts/-/prompts-8.5.2.tgz",
      "integrity": "sha512-IYR/3C/paEVVQYQvdDlFZVjRCJVYHHON0XXMH91KO9GSxs0TdKYWlUdvfQl2EfAHDxUaN3IBffkE/BDTh5nJ6g==",
      "license": "MIT",
      "dependencies": {
        "@inquirer/checkbox": "^5.2.1",
        "@inquirer/confirm": "^6.1.1",
        "@inquirer/editor": "^5.2.2",
        "@inquirer/expand": "^5.1.1",
        "@inquirer/input": "^5.1.2",
        "@inquirer/number": "^4.1.1",
        "@inquirer/password": "^5.1.1",
        "@inquirer/rawlist": "^5.3.1",
        "@inquirer/search": "^4.2.1",
        "@inquirer/select": "^5.2.1"
      },
      "engines": {
        "node": ">=23.5.0 || ^22.13.0 || ^20.17.0"
      },
      "peerDependencies": {
        "@types/node": ">=18"
      },
      "peerDependenciesMeta": {
        "@types/node": {
          "optional": true
        }
      }
    },
    "node_modules/@inquirer/rawlist": {
      "version": "5.3.1",
      "resolved": "https://registry.npmjs.org/@inquirer/rawlist/-/rawlist-5.3.1.tgz",
      "integrity": "sha512-QqdTqQddL3qPX/PPrjobpsO25NZ4dWXgTLenrR445L2ptLEYE6Z+PD5c5CNDJNx4ugRgELAIpSIJxZaO2jJ2Og==",
      "license": "MIT",
      "dependencies": {
        "@inquirer/core": "^11.2.1",
        "@inquirer/type": "^4.0.7"
      },
      "engines": {
        "node": ">=23.5.0 || ^22.13.0 || ^20.17.0"
      },
      "peerDependencies": {
        "@types/node": ">=18"
      },
      "peerDependenciesMeta": {
        "@types/node": {
          "optional": true
        }
      }
    },
    "node_modules/@inquirer/search": {
      "version": "4.2.1",
      "resolved": "https://registry.npmjs.org/@inquirer/search/-/search-4.2.1.tgz",
      "integrity": "sha512-xJj8QWKRSrfKoBIITLZK61dD3zwo0Rz11fgDImku30/Oe81zMdIdGgrLY2h6RkJ+KZ/GhNYIRMKnH/62qBTA5g==",
      "license": "MIT",
      "dependencies": {
        "@inquirer/core": "^11.2.1",
        "@inquirer/figures": "^2.0.7",
        "@inquirer/type": "^4.0.7"
      },
      "engines": {
        "node": ">=23.5.0 || ^22.13.0 || ^20.17.0"
      },
      "peerDependencies": {
        "@types/node": ">=18"
      },
      "peerDependenciesMeta": {
        "@types/node": {
          "optional": true
        }
      }
    },
    "node_modules/@inquirer/select": {
      "version": "5.2.1",
      "resolved": "https://registry.npmjs.org/@inquirer/select/-/select-5.2.1.tgz",
      "integrity": "sha512-FlDndEUww8m7BfukO2nJa25vhD+H5jxxCv4oGioKqzyWz3nPHhhw4LKdYRSlXuAx7DsdWia7iyaBPKKS95Evfw==",
      "license": "MIT",
      "dependencies": {
        "@inquirer/ansi": "^2.0.7",
        "@inquirer/core": "^11.2.1",
        "@inquirer/figures": "^2.0.7",
        "@inquirer/type": "^4.0.7"
      },
      "engines": {
        "node": ">=23.5.0 || ^22.13.0 || ^20.17.0"
      },
      "peerDependencies": {
        "@types/node": ">=18"
      },
      "peerDependenciesMeta": {
        "@types/node": {
          "optional": true
        }
      }
    },
    "node_modules/@inquirer/type": {
      "version": "4.0.7",
      "resolved": "https://registry.npmjs.org/@inquirer/type/-/type-4.0.7.tgz",
      "integrity": "sha512-t28inv14nMQ1PhKpsJPY+kEs/c00qzeCOS2gTNRyTjG5d6qsVA2fItxW4hkvGZ5lvanGLdtCzVIx5dwdRpN1+g==",
      "license": "MIT",
      "engines": {
        "node": ">=23.5.0 || ^22.13.0 || ^20.17.0"
      },
      "peerDependencies": {
        "@types/node": ">=18"
      },
      "peerDependenciesMeta": {
        "@types/node": {
          "optional": true
        }
      }
    },
    "node_modules/@sinonjs/commons": {
      "version": "3.0.1",
      "resolved": "https://registry.npmjs.org/@sinonjs/commons/-/commons-3.0.1.tgz",
      "integrity": "sha512-K3mCHKQ9sVh8o1C9cxkwxaOmXoAMlDxC1mYyHrjqOWEcBjYr76t96zL2zlj5dUGZ3HSw240X1qgH3Mjf1yJWpQ==",
      "dev": true,
      "license": "BSD-3-Clause",
      "dependencies": {
        "type-detect": "4.0.8"
      }
    },
    "node_modules/@sinonjs/fake-timers": {
      "version": "15.4.0",
      "resolved": "https://registry.npmjs.org/@sinonjs/fake-timers/-/fake-timers-15.4.0.tgz",
      "integrity": "sha512-DsG+8/LscQIQg68J6Ef3dv10u6nVyetYn923s3/sus5eaGfTo1of5WMZSLf0UJc9KDuKPilPH0UDJCjvNbDNCA==",
      "dev": true,
      "license": "BSD-3-Clause",
      "dependencies": {
        "@sinonjs/commons": "^3.0.1"
      }
    },
    "node_modules/@sinonjs/referee": {
      "version": "11.0.2",
      "resolved": "https://registry.npmjs.org/@sinonjs/referee/-/referee-11.0.2.tgz",
      "integrity": "sha512-s/b74ZlD/XD7zc+KfgzQj67IZbAAxAIhto1X8rEiUGS5Mp9mSD/EgJVvmQ+5Sl1Xrw/mMsyRf6NfYHUAggQ+Ow==",
      "dev": true,
      "license": "BSD-3-Clause",
      "dependencies": {
        "@sinonjs/commons": "^3.0.0",
        "@sinonjs/samsam": "^8.0.0",
        "event-emitter": "^0.3.5",
        "lodash.isarguments": "^3.1.0",
        "util": "^0.12.5"
      }
    },
    "node_modules/@sinonjs/samsam": {
      "version": "8.0.3",
      "resolved": "https://registry.npmjs.org/@sinonjs/samsam/-/samsam-8.0.3.tgz",
      "integrity": "sha512-hw6HbX+GyVZzmaYNh82Ecj1vdGZrqVIn/keDTg63IgAwiQPO+xCz99uG6Woqgb4tM0mUiFENKZ4cqd7IX94AXQ==",
      "dev": true,
      "license": "BSD-3-Clause",
      "dependencies": {
        "@sinonjs/commons": "^3.0.1",
        "type-detect": "^4.1.0"
      }
    },
    "node_modules/@sinonjs/samsam/node_modules/type-detect": {
      "version": "4.1.0",
      "resolved": "https://registry.npmjs.org/type-detect/-/type-detect-4.1.0.tgz",
      "integrity": "sha512-Acylog8/luQ8L7il+geoSxhEkazvkslg7PSNKOX59mbB9cOveP5aq9h74Y7YU8yDpJwetzQQrfIwtf4Wp4LKcw==",
      "dev": true,
      "license": "MIT",
      "engines": {
        "node": ">=4"
      }
    },
    "node_modules/async": {
      "version": "3.2.6",
      "resolved": "https://registry.npmjs.org/async/-/async-3.2.6.tgz",
      "integrity": "sha512-htCUDlxyyCLMgaM3xXg0C0LW2xqfuQ6p05pCEIsXuyQ+a1koYKTuBMzRNwmybfLgvJDMd0r1LTn4+E0Ti6C2AA==",
      "license": "MIT"
    },
    "node_modules/available-typed-arrays": {
      "version": "1.0.7",
      "resolved": "https://registry.npmjs.org/available-typed-arrays/-/available-typed-arrays-1.0.7.tgz",
      "integrity": "sha512-wvUjBtSGN7+7SjNpq/9M2Tg350UZD3q62IFZLbRAR1bSMlCo1ZaeW+BJ+D090e4hIIZLBcTDWe4Mh4jvUDajzQ==",
      "dev": true,
      "license": "MIT",
      "dependencies": {
        "possible-typed-array-names": "^1.0.0"
      },
      "engines": {
        "node": ">= 0.4"
      },
      "funding": {
        "url": "https://github.com/sponsors/ljharb"
      }
    },
    "node_modules/bagofcli": {
      "version": "2.5.0",
      "resolved": "https://registry.npmjs.org/bagofcli/-/bagofcli-2.5.0.tgz",
      "integrity": "sha512-7dtSl3hWTeZqrHASJQxx9dvNmJFzcpD/EQDlGCS9+VJy6flD2AHJyELBlnwNIkXNxRgfhzukO8SECoTxMaIyUA==",
      "license": "MIT",
      "dependencies": {
        "async": "^3.2.6",
        "chalk": "^5.6.2",
        "colors": "^1.4.0",
        "commander": "^6.2.0",
        "inquirer": "^13.0.1",
        "iz": "^3.0.0",
        "lodash": "^4.17.21",
        "wrench-sui": "^0.0.3",
        "yaml-js": "^0.3.1"
      },
      "engines": {
        "node": ">= 20.0.0"
      }
    },
    "node_modules/call-bind": {
      "version": "1.0.8",
      "resolved": "https://registry.npmjs.org/call-bind/-/call-bind-1.0.8.tgz",
      "integrity": "sha512-oKlSFMcMwpUg2ednkhQ454wfWiU/ul3CkJe/PEHcTKuiX6RpbehUiFMXu13HalGZxfUwCQzZG747YXBn1im9ww==",
      "dev": true,
      "license": "MIT",
      "dependencies": {
        "call-bind-apply-helpers": "^1.0.0",
        "es-define-property": "^1.0.0",
        "get-intrinsic": "^1.2.4",
        "set-function-length": "^1.2.2"
      },
      "engines": {
        "node": ">= 0.4"
      },
      "funding": {
        "url": "https://github.com/sponsors/ljharb"
      }
    },
    "node_modules/call-bind-apply-helpers": {
      "version": "1.0.2",
      "resolved": "https://registry.npmjs.org/call-bind-apply-helpers/-/call-bind-apply-helpers-1.0.2.tgz",
      "integrity": "sha512-Sp1ablJ0ivDkSzjcaJdxEunN5/XvksFJ2sMBFfq6x0ryhQV/2b/KwFe21cMpmHtPOSij8K99/wSfoEuTObmuMQ==",
      "dev": true,
      "license": "MIT",
      "dependencies": {
        "es-errors": "^1.3.0",
        "function-bind": "^1.1.2"
      },
      "engines": {
        "node": ">= 0.4"
      }
    },
    "node_modules/call-bound": {
      "version": "1.0.4",
      "resolved": "https://registry.npmjs.org/call-bound/-/call-bound-1.0.4.tgz",
      "integrity": "sha512-+ys997U96po4Kx/ABpBCqhA9EuxJaQWDQg7295H4hBphv3IZg0boBKuwYpt4YXp6MZ5AmZQnU/tyMTlRpaSejg==",
      "dev": true,
      "license": "MIT",
      "dependencies": {
        "call-bind-apply-helpers": "^1.0.2",
        "get-intrinsic": "^1.3.0"
      },
      "engines": {
        "node": ">= 0.4"
      },
      "funding": {
        "url": "https://github.com/sponsors/ljharb"
      }
    },
    "node_modules/chalk": {
      "version": "5.6.2",
      "resolved": "https://registry.npmjs.org/chalk/-/chalk-5.6.2.tgz",
      "integrity": "sha512-7NzBL0rN6fMUW+f7A6Io4h40qQlG+xGmtMxfbnH/K7TAtt8JQWVQK+6g0UXKMeVJoyV5EkkNsErQ8pVD3bLHbA==",
      "license": "MIT",
      "engines": {
        "node": "^12.17.0 || ^14.13 || >=16.0.0"
      },
      "funding": {
        "url": "https://github.com/chalk/chalk?sponsor=1"
      }
    },
    "node_modules/chardet": {
      "version": "2.2.0",
      "resolved": "https://registry.npmjs.org/chardet/-/chardet-2.2.0.tgz",
      "integrity": "sha512-rddelWYNPRrXq6PtNEN2S3f6t9ILzvqaN5pVgi4kqt9jHQaXIial9PznB5iSPVlQSLNaaH22ItWz3EJtQ10+OA==",
      "license": "MIT"
    },
    "node_modules/cli-width": {
      "version": "4.1.0",
      "resolved": "https://registry.npmjs.org/cli-width/-/cli-width-4.1.0.tgz",
      "integrity": "sha512-ouuZd4/dm2Sw5Gmqy6bGyNNNe1qt9RpmxveLSO7KcgsTnU7RXfsw+/bukWGo1abgBiMAic068rclZsO4IWmmxQ==",
      "license": "ISC",
      "engines": {
        "node": ">= 12"
      }
    },
    "node_modules/colors": {
      "version": "1.4.0",
      "resolved": "https://registry.npmjs.org/colors/-/colors-1.4.0.tgz",
      "integrity": "sha512-a+UqTh4kgZg/SlGvfbzDHpgRu7AAQOmmqRHJnxhRZICKFUT91brVhNNt58CMWU9PsBbv3PDCZUHbVxuDiH2mtA==",
      "engines": {
        "node": ">=0.1.90"
      }
    },
    "node_modules/commander": {
      "version": "6.2.0",
      "resolved": "https://registry.npmjs.org/commander/-/commander-6.2.0.tgz",
      "integrity": "sha512-zP4jEKbe8SHzKJYQmq8Y9gYjtO/POJLgIdKgV7B9qNmABVFVc+ctqSX6iXh4mCpJfRBOabiZ2YKPg8ciDw6C+Q==",
      "engines": {
        "node": ">= 6"
      }
    },
    "node_modules/d": {
      "version": "1.0.2",
      "resolved": "https://registry.npmjs.org/d/-/d-1.0.2.tgz",
      "integrity": "sha512-MOqHvMWF9/9MX6nza0KgvFH4HpMU0EF5uUDXqX/BtxtU8NfB0QzRtJ8Oe/6SuS4kbhyzVJwjd97EA4PKrzJ8bw==",
      "dev": true,
      "license": "ISC",
      "dependencies": {
        "es5-ext": "^0.10.64",
        "type": "^2.7.2"
      },
      "engines": {
        "node": ">=0.12"
      }
    },
    "node_modules/define-data-property": {
      "version": "1.1.4",
      "resolved": "https://registry.npmjs.org/define-data-property/-/define-data-property-1.1.4.tgz",
      "integrity": "sha512-rBMvIzlpA8v6E+SJZoo++HAYqsLrkg7MSfIinMPFhmkorw7X+dOXVJQs+QT69zGkzMyfDnIMN2Wid1+NbL3T+A==",
      "dev": true,
      "license": "MIT",
      "dependencies": {
        "es-define-property": "^1.0.0",
        "es-errors": "^1.3.0",
        "gopd": "^1.0.1"
      },
      "engines": {
        "node": ">= 0.4"
      },
      "funding": {
        "url": "https://github.com/sponsors/ljharb"
      }
    },
    "node_modules/diff": {
      "version": "9.0.0",
      "resolved": "https://registry.npmjs.org/diff/-/diff-9.0.0.tgz",
      "integrity": "sha512-svtcdpS8CgJyqAjEQIXdb3OjhFVVYjzGAPO8WGCmRbrml64SPw/jJD4GoE98aR7r25A0XcgrK3F02yw9R/vhQw==",
      "dev": true,
      "license": "BSD-3-Clause",
      "engines": {
        "node": ">=0.3.1"
      }
    },
    "node_modules/dunder-proto": {
      "version": "1.0.1",
      "resolved": "https://registry.npmjs.org/dunder-proto/-/dunder-proto-1.0.1.tgz",
      "integrity": "sha512-KIN/nDJBQRcXw0MLVhZE9iQHmG68qAVIBg9CqmUYjmQIhgij9U5MFvrqkUL5FbtyyzZuOeOt0zdeRe4UY7ct+A==",
      "dev": true,
      "license": "MIT",
      "dependencies": {
        "call-bind-apply-helpers": "^1.0.1",
        "es-errors": "^1.3.0",
        "gopd": "^1.2.0"
      },
      "engines": {
        "node": ">= 0.4"
      }
    },
    "node_modules/es-define-property": {
      "version": "1.0.1",
      "resolved": "https://registry.npmjs.org/es-define-property/-/es-define-property-1.0.1.tgz",
      "integrity": "sha512-e3nRfgfUZ4rNGL232gUgX06QNyyez04KdjFrF+LTRoOXmrOgFKDg4BCdsjW8EnT69eqdYGmRpJwiPVYNrCaW3g==",
      "dev": true,
      "license": "MIT",
      "engines": {
        "node": ">= 0.4"
      }
    },
    "node_modules/es-errors": {
      "version": "1.3.0",
      "resolved": "https://registry.npmjs.org/es-errors/-/es-errors-1.3.0.tgz",
      "integrity": "sha512-Zf5H2Kxt2xjTvbJvP2ZWLEICxA6j+hAmMzIlypy4xcBg1vKVnx89Wy0GbS+kf5cwCVFFzdCFh2XSCFNULS6csw==",
      "dev": true,
      "license": "MIT",
      "engines": {
        "node": ">= 0.4"
      }
    },
    "node_modules/es-object-atoms": {
      "version": "1.1.1",
      "resolved": "https://registry.npmjs.org/es-object-atoms/-/es-object-atoms-1.1.1.tgz",
      "integrity": "sha512-FGgH2h8zKNim9ljj7dankFPcICIK9Cp5bm+c2gQSYePhpaG5+esrLODihIorn+Pe6FGJzWhXQotPv73jTaldXA==",
      "dev": true,
      "license": "MIT",
      "dependencies": {
        "es-errors": "^1.3.0"
      },
      "engines": {
        "node": ">= 0.4"
      }
    },
    "node_modules/es5-ext": {
      "version": "0.10.64",
      "resolved": "https://registry.npmjs.org/es5-ext/-/es5-ext-0.10.64.tgz",
      "integrity": "sha512-p2snDhiLaXe6dahss1LddxqEm+SkuDvV8dnIQG0MWjyHpcMNfXKPE+/Cc0y+PhxJX3A4xGNeFCj5oc0BUh6deg==",
      "dev": true,
      "hasInstallScript": true,
      "license": "ISC",
      "dependencies": {
        "es6-iterator": "^2.0.3",
        "es6-symbol": "^3.1.3",
        "esniff": "^2.0.1",
        "next-tick": "^1.1.0"
      },
      "engines": {
        "node": ">=0.10"
      }
    },
    "node_modules/es6-iterator": {
      "version": "2.0.3",
      "resolved": "https://registry.npmjs.org/es6-iterator/-/es6-iterator-2.0.3.tgz",
      "integrity": "sha512-zw4SRzoUkd+cl+ZoE15A9o1oQd920Bb0iOJMQkQhl3jNc03YqVjAhG7scf9C5KWRU/R13Orf588uCC6525o02g==",
      "dev": true,
      "license": "MIT",
      "dependencies": {
        "d": "1",
        "es5-ext": "^0.10.35",
        "es6-symbol": "^3.1.1"
      }
    },
    "node_modules/es6-symbol": {
      "version": "3.1.4",
      "resolved": "https://registry.npmjs.org/es6-symbol/-/es6-symbol-3.1.4.tgz",
      "integrity": "sha512-U9bFFjX8tFiATgtkJ1zg25+KviIXpgRvRHS8sau3GfhVzThRQrOeksPeT0BWW2MNZs1OEWJ1DPXOQMn0KKRkvg==",
      "dev": true,
      "license": "ISC",
      "dependencies": {
        "d": "^1.0.2",
        "ext": "^1.7.0"
      },
      "engines": {
        "node": ">=0.12"
      }
    },
    "node_modules/esniff": {
      "version": "2.0.1",
      "resolved": "https://registry.npmjs.org/esniff/-/esniff-2.0.1.tgz",
      "integrity": "sha512-kTUIGKQ/mDPFoJ0oVfcmyJn4iBDRptjNVIzwIFR7tqWXdVI9xfA2RMwY/gbSpJG3lkdWNEjLap/NqVHZiJsdfg==",
      "dev": true,
      "license": "ISC",
      "dependencies": {
        "d": "^1.0.1",
        "es5-ext": "^0.10.62",
        "event-emitter": "^0.3.5",
        "type": "^2.7.2"
      },
      "engines": {
        "node": ">=0.10"
      }
    },
    "node_modules/event-emitter": {
      "version": "0.3.5",
      "resolved": "https://registry.npmjs.org/event-emitter/-/event-emitter-0.3.5.tgz",
      "integrity": "sha512-D9rRn9y7kLPnJ+hMq7S/nhvoKwwvVJahBi2BPmx3bvbsEdK3W9ii8cBSGjP+72/LnM4n6fo3+dkCX5FeTQruXA==",
      "dev": true,
      "license": "MIT",
      "dependencies": {
        "d": "1",
        "es5-ext": "~0.10.14"
      }
    },
    "node_modules/ext": {
      "version": "1.7.0",
      "resolved": "https://registry.npmjs.org/ext/-/ext-1.7.0.tgz",
      "integrity": "sha512-6hxeJYaL110a9b5TEJSj0gojyHQAmA2ch5Os+ySCiA1QGdS697XWY1pzsrSjqA9LDEEgdB/KypIlR59RcLuHYw==",
      "dev": true,
      "license": "ISC",
      "dependencies": {
        "type": "^2.7.2"
      }
    },
    "node_modules/fast-string-truncated-width": {
      "version": "3.0.3",
      "resolved": "https://registry.npmjs.org/fast-string-truncated-width/-/fast-string-truncated-width-3.0.3.tgz",
      "integrity": "sha512-0jjjIEL6+0jag3l2XWWizO64/aZVtpiGE3t0Zgqxv0DPuxiMjvB3M24fCyhZUO4KomJQPj3LTSUnDP3GpdwC0g==",
      "license": "MIT"
    },
    "node_modules/fast-string-width": {
      "version": "3.0.2",
      "resolved": "https://registry.npmjs.org/fast-string-width/-/fast-string-width-3.0.2.tgz",
      "integrity": "sha512-gX8LrtNEI5hq8DVUfRQMbr5lpaS4nMIWV+7XEbXk2b8kiQIizgnlr12B4dA3ZEx3308ze0O4Q1R+cHts8kyUJg==",
      "license": "MIT",
      "dependencies": {
        "fast-string-truncated-width": "^3.0.2"
      }
    },
    "node_modules/fast-wrap-ansi": {
      "version": "0.2.2",
      "resolved": "https://registry.npmjs.org/fast-wrap-ansi/-/fast-wrap-ansi-0.2.2.tgz",
      "integrity": "sha512-7F2Fl+TjRSenLqlU3UjSH0iyqopqoZIu7eZVpEirP2g1GtWa2G/ecEmBdgz31+Mxr+ELclgg6sokpSFIQiZ02Q==",
      "license": "MIT",
      "dependencies": {
        "fast-string-width": "^3.0.2"
      }
    },
    "node_modules/for-each": {
      "version": "0.3.5",
      "resolved": "https://registry.npmjs.org/for-each/-/for-each-0.3.5.tgz",
      "integrity": "sha512-dKx12eRCVIzqCxFGplyFKJMPvLEWgmNtUrpTiJIR5u97zEhRG8ySrtboPHZXx7daLxQVrl643cTzbab2tkQjxg==",
      "dev": true,
      "license": "MIT",
      "dependencies": {
        "is-callable": "^1.2.7"
      },
      "engines": {
        "node": ">= 0.4"
      },
      "funding": {
        "url": "https://github.com/sponsors/ljharb"
      }
    },
    "node_modules/function-bind": {
      "version": "1.1.2",
      "resolved": "https://registry.npmjs.org/function-bind/-/function-bind-1.1.2.tgz",
      "integrity": "sha512-7XHNxH7qX9xG5mIwxkhumTox/MIRNcOgDrxWsMt2pAr23WHp6MrRlN7FBSFpCpr+oVO0F744iUgR82nJMfG2SA==",
      "dev": true,
      "license": "MIT",
      "funding": {
        "url": "https://github.com/sponsors/ljharb"
      }
    },
    "node_modules/get-intrinsic": {
      "version": "1.3.0",
      "resolved": "https://registry.npmjs.org/get-intrinsic/-/get-intrinsic-1.3.0.tgz",
      "integrity": "sha512-9fSjSaos/fRIVIp+xSJlE6lfwhES7LNtKaCBIamHsjr2na1BiABJPo0mOjjz8GJDURarmCPGqaiVg5mfjb98CQ==",
      "dev": true,
      "license": "MIT",
      "dependencies": {
        "call-bind-apply-helpers": "^1.0.2",
        "es-define-property": "^1.0.1",
        "es-errors": "^1.3.0",
        "es-object-atoms": "^1.1.1",
        "function-bind": "^1.1.2",
        "get-proto": "^1.0.1",
        "gopd": "^1.2.0",
        "has-symbols": "^1.1.0",
        "hasown": "^2.0.2",
        "math-intrinsics": "^1.1.0"
      },
      "engines": {
        "node": ">= 0.4"
      },
      "funding": {
        "url": "https://github.com/sponsors/ljharb"
      }
    },
    "node_modules/get-proto": {
      "version": "1.0.1",
      "resolved": "https://registry.npmjs.org/get-proto/-/get-proto-1.0.1.tgz",
      "integrity": "sha512-sTSfBjoXBp89JvIKIefqw7U2CCebsc74kiY6awiGogKtoSGbgjYE/G/+l9sF3MWFPNc9IcoOC4ODfKHfxFmp0g==",
      "dev": true,
      "license": "MIT",
      "dependencies": {
        "dunder-proto": "^1.0.1",
        "es-object-atoms": "^1.0.0"
      },
      "engines": {
        "node": ">= 0.4"
      }
    },
    "node_modules/gopd": {
      "version": "1.2.0",
      "resolved": "https://registry.npmjs.org/gopd/-/gopd-1.2.0.tgz",
      "integrity": "sha512-ZUKRh6/kUFoAiTAtTYPZJ3hw9wNxx+BIBOijnlG9PnrJsCcSjs1wyyD6vJpaYtgnzDrKYRSqf3OO6Rfa93xsRg==",
      "dev": true,
      "license": "MIT",
      "engines": {
        "node": ">= 0.4"
      },
      "funding": {
        "url": "https://github.com/sponsors/ljharb"
      }
    },
    "node_modules/has-property-descriptors": {
      "version": "1.0.2",
      "resolved": "https://registry.npmjs.org/has-property-descriptors/-/has-property-descriptors-1.0.2.tgz",
      "integrity": "sha512-55JNKuIW+vq4Ke1BjOTjM2YctQIvCT7GFzHwmfZPGo5wnrgkid0YQtnAleFSqumZm4az3n2BS+erby5ipJdgrg==",
      "dev": true,
      "license": "MIT",
      "dependencies": {
        "es-define-property": "^1.0.0"
      },
      "funding": {
        "url": "https://github.com/sponsors/ljharb"
      }
    },
    "node_modules/has-symbols": {
      "version": "1.1.0",
      "resolved": "https://registry.npmjs.org/has-symbols/-/has-symbols-1.1.0.tgz",
      "integrity": "sha512-1cDNdwJ2Jaohmb3sg4OmKaMBwuC48sYni5HUw2DvsC8LjGTLK9h+eb1X6RyuOHe4hT0ULCW68iomhjUoKUqlPQ==",
      "dev": true,
      "license": "MIT",
      "engines": {
        "node": ">= 0.4"
      },
      "funding": {
        "url": "https://github.com/sponsors/ljharb"
      }
    },
    "node_modules/has-tostringtag": {
      "version": "1.0.2",
      "resolved": "https://registry.npmjs.org/has-tostringtag/-/has-tostringtag-1.0.2.tgz",
      "integrity": "sha512-NqADB8VjPFLM2V0VvHUewwwsw0ZWBaIdgo+ieHtK3hasLz4qeCRjYcqfB6AQrBggRKppKF8L52/VqdVsO47Dlw==",
      "dev": true,
      "license": "MIT",
      "dependencies": {
        "has-symbols": "^1.0.3"
      },
      "engines": {
        "node": ">= 0.4"
      },
      "funding": {
        "url": "https://github.com/sponsors/ljharb"
      }
    },
    "node_modules/hasown": {
      "version": "2.0.2",
      "resolved": "https://registry.npmjs.org/hasown/-/hasown-2.0.2.tgz",
      "integrity": "sha512-0hJU9SCPvmMzIBdZFqNPXWa6dqh7WdH0cII9y+CyS8rG3nL48Bclra9HmKhVVUHyPWNH5Y7xDwAB7bfgSjkUMQ==",
      "dev": true,
      "license": "MIT",
      "dependencies": {
        "function-bind": "^1.1.2"
      },
      "engines": {
        "node": ">= 0.4"
      }
    },
    "node_modules/iconv-lite": {
      "version": "0.7.3",
      "resolved": "https://registry.npmjs.org/iconv-lite/-/iconv-lite-0.7.3.tgz",
      "integrity": "sha512-IKXpvIzjnC9XTAUbVBcMfGS0EPaIXtW6v+zr+RRp+hqULEpo0owZax6wyRwPOJbWbzjYspQwusTsfVr0ifh4uQ==",
      "license": "MIT",
      "dependencies": {
        "safer-buffer": ">= 2.1.2 < 3.0.0"
      },
      "engines": {
        "node": ">=0.10.0"
      },
      "funding": {
        "type": "opencollective",
        "url": "https://opencollective.com/express"
      }
    },
    "node_modules/inherits": {
      "version": "2.0.4",
      "resolved": "https://registry.npmjs.org/inherits/-/inherits-2.0.4.tgz",
      "integrity": "sha512-k/vGaX4/Yla3WzyMCvTQOXYeIHvqOKtnqBduzTHpzpQZzAskKMhZ2K+EnBiSM9zGSoIFeMpXKxa4dYeZIQqewQ==",
      "dev": true
    },
    "node_modules/inquirer": {
      "version": "13.4.3",
      "resolved": "https://registry.npmjs.org/inquirer/-/inquirer-13.4.3.tgz",
      "integrity": "sha512-EPd3IqieHSavSOXh+LZhrIkdQcOELWeRblLT6kslQr+cF9XTh/HxZdSt1YkHH1iq4dvqBnV42uwg2YlorgOy6g==",
      "license": "MIT",
      "dependencies": {
        "@inquirer/ansi": "^2.0.5",
        "@inquirer/core": "^11.1.10",
        "@inquirer/prompts": "^8.4.3",
        "@inquirer/type": "^4.0.5",
        "mute-stream": "^3.0.0",
        "run-async": "^4.0.6",
        "rxjs": "^7.8.2"
      },
      "engines": {
        "node": ">=23.5.0 || ^22.13.0 || ^21.7.0 || ^20.12.0"
      },
      "peerDependencies": {
        "@types/node": ">=18"
      },
      "peerDependenciesMeta": {
        "@types/node": {
          "optional": true
        }
      }
    },
    "node_modules/is-arguments": {
      "version": "1.2.0",
      "resolved": "https://registry.npmjs.org/is-arguments/-/is-arguments-1.2.0.tgz",
      "integrity": "sha512-7bVbi0huj/wrIAOzb8U1aszg9kdi3KN/CyU19CTI7tAoZYEZoL9yCDXpbXN+uPsuWnP02cyug1gleqq+TU+YCA==",
      "dev": true,
      "license": "MIT",
      "dependencies": {
        "call-bound": "^1.0.2",
        "has-tostringtag": "^1.0.2"
      },
      "engines": {
        "node": ">= 0.4"
      },
      "funding": {
        "url": "https://github.com/sponsors/ljharb"
      }
    },
    "node_modules/is-callable": {
      "version": "1.2.7",
      "resolved": "https://registry.npmjs.org/is-callable/-/is-callable-1.2.7.tgz",
      "integrity": "sha512-1BC0BVFhS/p0qtw6enp8e+8OD0UrK0oFLztSjNzhcKA3WDuJxxAPXzPuPtKkjEY9UUoEWlX/8fgKeu2S8i9JTA==",
      "dev": true,
      "license": "MIT",
      "engines": {
        "node": ">= 0.4"
      },
      "funding": {
        "url": "https://github.com/sponsors/ljharb"
      }
    },
    "node_modules/is-generator-function": {
      "version": "1.1.0",
      "resolved": "https://registry.npmjs.org/is-generator-function/-/is-generator-function-1.1.0.tgz",
      "integrity": "sha512-nPUB5km40q9e8UfN/Zc24eLlzdSf9OfKByBw9CIdw4H1giPMeA0OIJvbchsCu4npfI2QcMVBsGEBHKZ7wLTWmQ==",
      "dev": true,
      "license": "MIT",
      "dependencies": {
        "call-bound": "^1.0.3",
        "get-proto": "^1.0.0",
        "has-tostringtag": "^1.0.2",
        "safe-regex-test": "^1.1.0"
      },
      "engines": {
        "node": ">= 0.4"
      },
      "funding": {
        "url": "https://github.com/sponsors/ljharb"
      }
    },
    "node_modules/is-regex": {
      "version": "1.2.1",
      "resolved": "https://registry.npmjs.org/is-regex/-/is-regex-1.2.1.tgz",
      "integrity": "sha512-MjYsKHO5O7mCsmRGxWcLWheFqN9DJ/2TmngvjKXihe6efViPqc274+Fx/4fYj/r03+ESvBdTXK0V6tA3rgez1g==",
      "dev": true,
      "license": "MIT",
      "dependencies": {
        "call-bound": "^1.0.2",
        "gopd": "^1.2.0",
        "has-tostringtag": "^1.0.2",
        "hasown": "^2.0.2"
      },
      "engines": {
        "node": ">= 0.4"
      },
      "funding": {
        "url": "https://github.com/sponsors/ljharb"
      }
    },
    "node_modules/is-typed-array": {
      "version": "1.1.15",
      "resolved": "https://registry.npmjs.org/is-typed-array/-/is-typed-array-1.1.15.tgz",
      "integrity": "sha512-p3EcsicXjit7SaskXHs1hA91QxgTw46Fv6EFKKGS5DRFLD8yKnohjF3hxoju94b/OcMZoQukzpPpBE9uLVKzgQ==",
      "dev": true,
      "license": "MIT",
      "dependencies": {
        "which-typed-array": "^1.1.16"
      },
      "engines": {
        "node": ">= 0.4"
      },
      "funding": {
        "url": "https://github.com/sponsors/ljharb"
      }
    },
    "node_modules/isemail": {
      "version": "3.2.0",
      "resolved": "https://registry.npmjs.org/isemail/-/isemail-3.2.0.tgz",
      "integrity": "sha512-zKqkK+O+dGqevc93KNsbZ/TqTUFd46MwWjYOoMrjIMZ51eU7DtQG3Wmd9SQQT7i7RVnuTPEiYEWHU3MSbxC1Tg==",
      "dependencies": {
        "punycode": "2.x.x"
      },
      "engines": {
        "node": ">=4.0.0"
      }
    },
    "node_modules/iz": {
      "version": "3.0.0",
      "resolved": "https://registry.npmjs.org/iz/-/iz-3.0.0.tgz",
      "integrity": "sha512-zFjUqcU8pgdIcMQwVNanV41upqy5NBcbyHcYj1teCQQZtPrZXVq7VmhCloqXVtckiqtTCpqhNm1OyywaV1FC8g==",
      "dependencies": {
        "isemail": "^3.1.1"
      }
    },
    "node_modules/jazz": {
      "version": "1.1.0",
      "resolved": "https://registry.npmjs.org/jazz/-/jazz-1.1.0.tgz",
      "integrity": "sha512-PeikjMx9xueKKO8jkmWAdlYuiqGL5n5WZgxBBzD8280TXEP6mW33uNcli5aWkGVkwNCY1XWH9fwYvORWaeHEiw==",
      "license": "MIT",
      "bin": {
        "jazz": "bin/jazz.js"
      },
      "engines": {
        "node": ">= 20.0.0"
      }
    },
    "node_modules/lodash": {
      "version": "4.18.1",
      "resolved": "https://registry.npmjs.org/lodash/-/lodash-4.18.1.tgz",
      "integrity": "sha512-dMInicTPVE8d1e5otfwmmjlxkZoUpiVLwyeTdUsi/Caj/gfzzblBcCE5sRHV/AsjuCmxWrte2TNGSYuCeCq+0Q==",
      "license": "MIT"
    },
    "node_modules/lodash.isarguments": {
      "version": "3.1.0",
      "resolved": "https://registry.npmjs.org/lodash.isarguments/-/lodash.isarguments-3.1.0.tgz",
      "integrity": "sha1-L1c9hcaiQon/AGY7SRwdM4/zRYo=",
      "dev": true
    },
    "node_modules/math-intrinsics": {
      "version": "1.1.0",
      "resolved": "https://registry.npmjs.org/math-intrinsics/-/math-intrinsics-1.1.0.tgz",
      "integrity": "sha512-/IXtbwEk5HTPyEwyKX6hGkYXxM9nbj64B+ilVJnC/R6B0pH5G4V3b0pVbL7DBj4tkhBAppbQUlf6F6Xl9LHu1g==",
      "dev": true,
      "license": "MIT",
      "engines": {
        "node": ">= 0.4"
      }
    },
    "node_modules/mute-stream": {
      "version": "3.0.0",
      "resolved": "https://registry.npmjs.org/mute-stream/-/mute-stream-3.0.0.tgz",
      "integrity": "sha512-dkEJPVvun4FryqBmZ5KhDo0K9iDXAwn08tMLDinNdRBNPcYEDiWYysLcc6k3mjTMlbP9KyylvRpd4wFtwrT9rw==",
      "license": "ISC",
      "engines": {
        "node": "^20.17.0 || >=22.9.0"
      }
    },
    "node_modules/next-tick": {
      "version": "1.1.0",
      "resolved": "https://registry.npmjs.org/next-tick/-/next-tick-1.1.0.tgz",
      "integrity": "sha512-CXdUiJembsNjuToQvxayPZF9Vqht7hewsvy2sOWafLvi2awflj9mOC6bHIg50orX8IJvWKY9wYQ/zB2kogPslQ==",
      "dev": true,
      "license": "ISC"
    },
    "node_modules/possible-typed-array-names": {
      "version": "1.1.0",
      "resolved": "https://registry.npmjs.org/possible-typed-array-names/-/possible-typed-array-names-1.1.0.tgz",
      "integrity": "sha512-/+5VFTchJDoVj3bhoqi6UeymcD00DAwb1nJwamzPvHEszJ4FpF6SNNbUbOS8yI56qHzdV8eK0qEfOSiodkTdxg==",
      "dev": true,
      "license": "MIT",
      "engines": {
        "node": ">= 0.4"
      }
    },
    "node_modules/punycode": {
      "version": "2.1.1",
      "resolved": "https://registry.npmjs.org/punycode/-/punycode-2.1.1.tgz",
      "integrity": "sha512-XRsRjdf+j5ml+y/6GKHPZbrF/8p2Yga0JPtdqTIY2Xe5ohJPD9saDJJLPvp9+NSBprVvevdXZybnj2cv8OEd0A==",
      "engines": {
        "node": ">=6"
      }
    },
    "node_modules/run-async": {
      "version": "4.0.6",
      "resolved": "https://registry.npmjs.org/run-async/-/run-async-4.0.6.tgz",
      "integrity": "sha512-IoDlSLTs3Yq593mb3ZoKWKXMNu3UpObxhgA/Xuid5p4bbfi2jdY1Hj0m1K+0/tEuQTxIGMhQDqGjKb7RuxGpAQ==",
      "license": "MIT",
      "engines": {
        "node": ">=0.12.0"
      }
    },
    "node_modules/rxjs": {
      "version": "7.8.2",
      "resolved": "https://registry.npmjs.org/rxjs/-/rxjs-7.8.2.tgz",
      "integrity": "sha512-dhKf903U/PQZY6boNNtAGdWbG85WAbjT/1xYoZIC7FAY0yWapOBQVsVrDl58W86//e1VpMNBtRV4MaXfdMySFA==",
      "license": "Apache-2.0",
      "dependencies": {
        "tslib": "^2.1.0"
      }
    },
    "node_modules/safe-regex-test": {
      "version": "1.1.0",
      "resolved": "https://registry.npmjs.org/safe-regex-test/-/safe-regex-test-1.1.0.tgz",
      "integrity": "sha512-x/+Cz4YrimQxQccJf5mKEbIa1NzeCRNI5Ecl/ekmlYaampdNLPalVyIcCZNNH3MvmqBugV5TMYZXv0ljslUlaw==",
      "dev": true,
      "license": "MIT",
      "dependencies": {
        "call-bound": "^1.0.2",
        "es-errors": "^1.3.0",
        "is-regex": "^1.2.1"
      },
      "engines": {
        "node": ">= 0.4"
      },
      "funding": {
        "url": "https://github.com/sponsors/ljharb"
      }
    },
    "node_modules/safer-buffer": {
      "version": "2.1.2",
      "resolved": "https://registry.npmjs.org/safer-buffer/-/safer-buffer-2.1.2.tgz",
      "integrity": "sha512-YZo3K82SD7Riyi0E1EQPojLz7kpepnSQI9IyPbHHg1XXXevb5dJI7tpyN2ADxGcQbHG7vcyRHk0cbwqcQriUtg==",
      "license": "MIT"
    },
    "node_modules/set-function-length": {
      "version": "1.2.2",
      "resolved": "https://registry.npmjs.org/set-function-length/-/set-function-length-1.2.2.tgz",
      "integrity": "sha512-pgRc4hJ4/sNjWCSS9AmnS40x3bNMDTknHgL5UaMBTMyJnU90EgWh1Rz+MC9eFu4BuN/UwZjKQuY/1v3rM7HMfg==",
      "dev": true,
      "license": "MIT",
      "dependencies": {
        "define-data-property": "^1.1.4",
        "es-errors": "^1.3.0",
        "function-bind": "^1.1.2",
        "get-intrinsic": "^1.2.4",
        "gopd": "^1.0.1",
        "has-property-descriptors": "^1.0.2"
      },
      "engines": {
        "node": ">= 0.4"
      }
    },
    "node_modules/signal-exit": {
      "version": "4.1.0",
      "resolved": "https://registry.npmjs.org/signal-exit/-/signal-exit-4.1.0.tgz",
      "integrity": "sha512-bzyZ1e88w9O1iNJbKnOlvYTrWPDl46O1bG0D3XInv+9tkPrxrN8jUUTiFlDkkmKWgn1M6CfIA13SuGqOa9Korw==",
      "license": "ISC",
      "engines": {
        "node": ">=14"
      },
      "funding": {
        "url": "https://github.com/sponsors/isaacs"
      }
    },
    "node_modules/sinon": {
      "version": "22.0.0",
      "resolved": "https://registry.npmjs.org/sinon/-/sinon-22.0.0.tgz",
      "integrity": "sha512-sq/6DpdXOrLyfbKlXLg/Usc7xu8YXPeLkOFZRvA3bNUSA2lhbrZ06yuXbH1fkzBPCbz9O10+7hznzUsjaYNm0Q==",
      "dev": true,
      "license": "BSD-3-Clause",
      "dependencies": {
        "@sinonjs/commons": "^3.0.1",
        "@sinonjs/fake-timers": "^15.4.0",
        "@sinonjs/samsam": "^10.0.2",
        "diff": "^9.0.0"
      },
      "funding": {
        "type": "opencollective",
        "url": "https://opencollective.com/sinon"
      }
    },
    "node_modules/sinon/node_modules/@sinonjs/samsam": {
      "version": "10.0.2",
      "resolved": "https://registry.npmjs.org/@sinonjs/samsam/-/samsam-10.0.2.tgz",
      "integrity": "sha512-8lVwD1Df1BmzoaOLhMcGGcz/Jyr5QY2KSB75/YK1QgKzoabTeLdIVyhXNZK9ojfSKSdirbXqdbsXXqP9/Ve8+A==",
      "dev": true,
      "license": "BSD-3-Clause",
      "dependencies": {
        "@sinonjs/commons": "^3.0.1",
        "type-detect": "^4.1.0"
      }
    },
    "node_modules/sinon/node_modules/type-detect": {
      "version": "4.1.0",
      "resolved": "https://registry.npmjs.org/type-detect/-/type-detect-4.1.0.tgz",
      "integrity": "sha512-Acylog8/luQ8L7il+geoSxhEkazvkslg7PSNKOX59mbB9cOveP5aq9h74Y7YU8yDpJwetzQQrfIwtf4Wp4LKcw==",
      "dev": true,
      "license": "MIT",
      "engines": {
        "node": ">=4"
      }
    },
    "node_modules/tslib": {
      "version": "2.8.1",
      "resolved": "https://registry.npmjs.org/tslib/-/tslib-2.8.1.tgz",
      "integrity": "sha512-oJFu94HQb+KVduSUQL7wnpmqnfmLsOA/nAh6b6EH0wCEoK0/mPeXU6c3wKDV83MkOuHPRHtSXKKU99IBazS/2w==",
      "license": "0BSD"
    },
    "node_modules/type": {
      "version": "2.7.3",
      "resolved": "https://registry.npmjs.org/type/-/type-2.7.3.tgz",
      "integrity": "sha512-8j+1QmAbPvLZow5Qpi6NCaN8FB60p/6x8/vfNqOk/hC+HuvFZhL4+WfekuhQLiqFZXOgQdrs3B+XxEmCc6b3FQ==",
      "dev": true,
      "license": "ISC"
    },
    "node_modules/type-detect": {
      "version": "4.0.8",
      "resolved": "https://registry.npmjs.org/type-detect/-/type-detect-4.0.8.tgz",
      "integrity": "sha512-0fr/mIH1dlO+x7TlcMy+bIDqKPsw/70tVyeHW787goQjhmqaZe10uwLujubK9q9Lg6Fiho1KUKDYz0Z7k7g5/g==",
      "dev": true,
      "license": "MIT",
      "engines": {
        "node": ">=4"
      }
    },
    "node_modules/util": {
      "version": "0.12.5",
      "resolved": "https://registry.npmjs.org/util/-/util-0.12.5.tgz",
      "integrity": "sha512-kZf/K6hEIrWHI6XqOFUiiMa+79wE/D8Q+NCNAWclkyg3b4d2k7s0QGepNjiABc+aR3N1PAyHL7p6UcLY6LmrnA==",
      "dev": true,
      "license": "MIT",
      "dependencies": {
        "inherits": "^2.0.3",
        "is-arguments": "^1.0.4",
        "is-generator-function": "^1.0.7",
        "is-typed-array": "^1.1.3",
        "which-typed-array": "^1.1.2"
      }
    },
    "node_modules/which-typed-array": {
      "version": "1.1.19",
      "resolved": "https://registry.npmjs.org/which-typed-array/-/which-typed-array-1.1.19.tgz",
      "integrity": "sha512-rEvr90Bck4WZt9HHFC4DJMsjvu7x+r6bImz0/BrbWb7A2djJ8hnZMrWnHo9F8ssv0OMErasDhftrfROTyqSDrw==",
      "dev": true,
      "license": "MIT",
      "dependencies": {
        "available-typed-arrays": "^1.0.7",
        "call-bind": "^1.0.8",
        "call-bound": "^1.0.4",
        "for-each": "^0.3.5",
        "get-proto": "^1.0.1",
        "gopd": "^1.2.0",
        "has-tostringtag": "^1.0.2"
      },
      "engines": {
        "node": ">= 0.4"
      },
      "funding": {
        "url": "https://github.com/sponsors/ljharb"
      }
    },
    "node_modules/wrench-sui": {
      "version": "0.0.3",
      "resolved": "https://registry.npmjs.org/wrench-sui/-/wrench-sui-0.0.3.tgz",
      "integrity": "sha1-1hoSAwwf2NZxs90VqmyeD83E4sg=",
      "engines": {
        "node": ">=0.1.97"
      }
    },
    "node_modules/yaml-js": {
      "version": "0.3.1",
      "resolved": "https://registry.npmjs.org/yaml-js/-/yaml-js-0.3.1.tgz",
      "integrity": "sha512-LjoIFHCtSfkGzPsmYmfDsW+TShtQBcY7lwH1yLQ5brJHXRhjteUnVE2ThCbz1madq8JUZIAjFiavfnIFeTO8CQ==",
      "license": "WTFPL",
      "engines": {
        "node": ">=8"
      }
    }
  }
}
